
Microsoft Visual Studio Solution File, Format Version 12.00
# Visual Studio 15
VisualStudioVersion = 15.0.27703.2018
MinimumVisualStudioVersion = 10.0.40219.1
Project("{FAE04EC0-301F-11D3-BF4B-00C04F79EFBC}") = "DeploymentSchedule", "DeploymentSchedule\DeploymentSchedule.csproj", "{09F47BAE-C10A-4BE8-B9FD-C7EA1FF1EBB6}"
EndProject
Project("{FAE04EC0-301F-11D3-BF4B-00C04F79EFBC}") = "DeploymentSchedule.Tests", "DeploymentSchedule.Tests\DeploymentSchedule.Tests.csproj", "{94126A35-FBDE-4A9C-B987-42939722ADD8}"
EndProject
Project("{E53339B2-1760-4266-BCC7-CA923CBCF16C}") = "docker-compose", "docker-compose.dcproj", "{F14BC11C-CD32-4E1C-8921-FF0933A5B71D}"
EndProject
Global
	GlobalSection(SolutionConfigurationPlatforms) = preSolution
		Debug|Any CPU = Debug|Any CPU
		Release|Any CPU = Release|Any CPU
	EndGlobalSection
	GlobalSection(ProjectConfigurationPlatforms) = postSolution
		{09F47BAE-C10A-4BE8-B9FD-C7EA1FF1EBB6}.Debug|Any CPU.ActiveCfg = Debug|Any CPU
		{09F47BAE-C10A-4BE8-B9FD-C7EA1FF1EBB6}.Debug|Any CPU.Build.0 = Debug|Any CPU
		{09F47BAE-C10A-4BE8-B9FD-C7EA1FF1EBB6}.Release|Any CPU.ActiveCfg = Release|Any CPU
		{09F47BAE-C10A-4BE8-B9FD-C7EA1FF1EBB6}.Release|Any CPU.Build.0 = Release|Any CPU
		{94126A35-FBDE-4A9C-B987-42939722ADD8}.Debug|Any CPU.ActiveCfg = Debug|Any CPU
		{94126A35-FBDE-4A9C-B987-42939722ADD8}.Debug|Any CPU.Build.0 = Debug|Any CPU
		{94126A35-FBDE-4A9C-B987-42939722ADD8}.Release|Any CPU.ActiveCfg = Release|Any CPU
		{94126A35-FBDE-4A9C-B987-42939722ADD8}.Release|Any CPU.Build.0 = Release|Any CPU
		{F14BC11C-CD32-4E1C-8921-FF0933A5B71D}.Debug|Any CPU.ActiveCfg = Debug|Any CPU
		{F14BC11C-CD32-4E1C-8921-FF0933A5B71D}.Debug|Any CPU.Build.0 = Debug|Any CPU
		{F14BC11C-CD32-4E1C-8921-FF0933A5B71D}.Release|Any CPU.ActiveCfg = Release|Any CPU
		{F14BC11C-CD32-4E1C-8921-FF0933A5B71D}.Release|Any CPU.Build.0 = Release|Any CPU
	EndGlobalSection
	GlobalSection(SolutionProperties) = preSolution
		HideSolutionNode = FALSE
	EndGlobalSection
	GlobalSection(ExtensibilityGlobals) = postSolution
		SolutionGuid = {DEDE8D02-9B5B-4514-BBD0-125219CDF250}
	EndGlobalSection
EndGlobal
